{
  "requires": true,
  "lockfileVersion": 1,
  "dependencies": {
    "highcharts": {
      "version": "6.1.1",
      "resolved": "https://registry.npmjs.org/highcharts/-/highcharts-6.1.1.tgz",
      "integrity": "sha512-etFYUPb+CwG9mrTb08IS4k3XGXs94xSA9vNF1yTJLxL/rw6t9U0InrcMRKG7IVNc5MolMXOPAPCdkuzKXV3Gng==",
      "dev": true
    },
    "react-highcharts": {
      "version": "16.0.2",
      "resolved": "https://registry.npmjs.org/react-highcharts/-/react-highcharts-16.0.2.tgz",
      "integrity": "sha512-RH56Yv1NvBfo6YTVBF7zyT/i4yCXSyDSK6VyaAcAi3SqOkixB9Ac+81EJK4VMbXi2BEXaYkVTYcV7KVAiQSE7w==",
      "dev": true,
      "requires": {
        "highcharts": "6.1.1"
      }
    }
  }
}
